// !$*UTF8*$!
{
	archiveVersion = 1;
	classes = {
	};
	objectVersion = 46;
	objects = {

/* Begin PBXBuildFile section */
		093E390D1F92031E00A797FB /* AppDelegate.swift in Sources */ = {isa = PBXBuildFile; fileRef = 093E390C1F92031E00A797FB /* AppDelegate.swift */; };
		093E390F1F9203DB00A797FB /* Event.swift in Sources */ = {isa = PBXBuildFile; fileRef = 093E390E1F9203DB00A797FB /* Event.swift */; };
		093E39111F92062200A797FB /* EventAttendee.swift in Sources */ = {isa = PBXBuildFile; fileRef = 093E39101F92062200A797FB /* EventAttendee.swift */; };
		09B3C2A21F907E030004A3EE /* Tag.swift in Sources */ = {isa = PBXBuildFile; fileRef = 09B3C2A11F907E030004A3EE /* Tag.swift */; };
		09D1B27D1F8F049D00A83339 /* User.swift in Sources */ = {isa = PBXBuildFile; fileRef = 09D1B27C1F8F049D00A83339 /* User.swift */; };
		984234191F8ECA6600FF05BB /* VolunteerFeedViewController.swift in Sources */ = {isa = PBXBuildFile; fileRef = 984234181F8ECA6600FF05BB /* VolunteerFeedViewController.swift */; };
		9842341B1F8ECAEC00FF05BB /* FeedCell.swift in Sources */ = {isa = PBXBuildFile; fileRef = 9842341A1F8ECAEC00FF05BB /* FeedCell.swift */; };
		984234491F903B9100FF05BB /* FilterCell.swift in Sources */ = {isa = PBXBuildFile; fileRef = 984234471F903B9100FF05BB /* FilterCell.swift */; };
		9842344A1F903B9100FF05BB /* SwitchCell.swift in Sources */ = {isa = PBXBuildFile; fileRef = 984234481F903B9100FF05BB /* SwitchCell.swift */; };
		9842344C1F903CE400FF05BB /* FilterViewController.swift in Sources */ = {isa = PBXBuildFile; fileRef = 9842344B1F903CE400FF05BB /* FilterViewController.swift */; };
		BA84084439190B92F2866B4E /* Pods_VolunteerMe.framework in Frameworks */ = {isa = PBXBuildFile; fileRef = C16B82B4024A6E4EA422ED68 /* Pods_VolunteerMe.framework */; };
		DD8D57BA1F87F33700497D5A /* Main.storyboard in Resources */ = {isa = PBXBuildFile; fileRef = DD8D57B81F87F33700497D5A /* Main.storyboard */; };
		DD8D57BC1F87F33700497D5A /* Assets.xcassets in Resources */ = {isa = PBXBuildFile; fileRef = DD8D57BB1F87F33700497D5A /* Assets.xcassets */; };
		DD8D57BF1F87F33700497D5A /* LaunchScreen.storyboard in Resources */ = {isa = PBXBuildFile; fileRef = DD8D57BD1F87F33700497D5A /* LaunchScreen.storyboard */; };
/* End PBXBuildFile section */

/* Begin PBXFileReference section */
		093E390C1F92031E00A797FB /* AppDelegate.swift */ = {isa = PBXFileReference; lastKnownFileType = sourcecode.swift; path = AppDelegate.swift; sourceTree = "<group>"; };
		093E390E1F9203DB00A797FB /* Event.swift */ = {isa = PBXFileReference; lastKnownFileType = sourcecode.swift; path = Event.swift; sourceTree = "<group>"; };
		093E39101F92062200A797FB /* EventAttendee.swift */ = {isa = PBXFileReference; lastKnownFileType = sourcecode.swift; path = EventAttendee.swift; sourceTree = "<group>"; };
		09B3C2A11F907E030004A3EE /* Tag.swift */ = {isa = PBXFileReference; lastKnownFileType = sourcecode.swift; path = Tag.swift; sourceTree = "<group>"; };
		09D1B27C1F8F049D00A83339 /* User.swift */ = {isa = PBXFileReference; fileEncoding = 4; lastKnownFileType = sourcecode.swift; path = User.swift; sourceTree = "<group>"; };
		2A45DFAE001ECB1D1A662734 /* Pods-VolunteerMe.release.xcconfig */ = {isa = PBXFileReference; includeInIndex = 1; lastKnownFileType = text.xcconfig; name = "Pods-VolunteerMe.release.xcconfig"; path = "Pods/Target Support Files/Pods-VolunteerMe/Pods-VolunteerMe.release.xcconfig"; sourceTree = "<group>"; };
		7AE2E20A6EA74598B004DB2D /* Pods-VolunteerMe.debug.xcconfig */ = {isa = PBXFileReference; includeInIndex = 1; lastKnownFileType = text.xcconfig; name = "Pods-VolunteerMe.debug.xcconfig"; path = "Pods/Target Support Files/Pods-VolunteerMe/Pods-VolunteerMe.debug.xcconfig"; sourceTree = "<group>"; };
		984234181F8ECA6600FF05BB /* VolunteerFeedViewController.swift */ = {isa = PBXFileReference; fileEncoding = 4; lastKnownFileType = sourcecode.swift; path = VolunteerFeedViewController.swift; sourceTree = "<group>"; };
		9842341A1F8ECAEC00FF05BB /* FeedCell.swift */ = {isa = PBXFileReference; fileEncoding = 4; lastKnownFileType = sourcecode.swift; path = FeedCell.swift; sourceTree = "<group>"; };
		984234471F903B9100FF05BB /* FilterCell.swift */ = {isa = PBXFileReference; fileEncoding = 4; lastKnownFileType = sourcecode.swift; path = FilterCell.swift; sourceTree = "<group>"; };
		984234481F903B9100FF05BB /* SwitchCell.swift */ = {isa = PBXFileReference; fileEncoding = 4; lastKnownFileType = sourcecode.swift; path = SwitchCell.swift; sourceTree = "<group>"; };
		9842344B1F903CE400FF05BB /* FilterViewController.swift */ = {isa = PBXFileReference; fileEncoding = 4; lastKnownFileType = sourcecode.swift; path = FilterViewController.swift; sourceTree = "<group>"; };
		C16B82B4024A6E4EA422ED68 /* Pods_VolunteerMe.framework */ = {isa = PBXFileReference; explicitFileType = wrapper.framework; includeInIndex = 0; path = Pods_VolunteerMe.framework; sourceTree = BUILT_PRODUCTS_DIR; };
		DD8D57B11F87F33700497D5A /* VolunteerMe.app */ = {isa = PBXFileReference; explicitFileType = wrapper.application; includeInIndex = 0; path = VolunteerMe.app; sourceTree = BUILT_PRODUCTS_DIR; };
		DD8D57B91F87F33700497D5A /* Base */ = {isa = PBXFileReference; lastKnownFileType = file.storyboard; name = Base; path = Base.lproj/Main.storyboard; sourceTree = "<group>"; };
		DD8D57BB1F87F33700497D5A /* Assets.xcassets */ = {isa = PBXFileReference; lastKnownFileType = folder.assetcatalog; path = Assets.xcassets; sourceTree = "<group>"; };
		DD8D57BE1F87F33700497D5A /* Base */ = {isa = PBXFileReference; lastKnownFileType = file.storyboard; name = Base; path = Base.lproj/LaunchScreen.storyboard; sourceTree = "<group>"; };
		DD8D57C01F87F33700497D5A /* Info.plist */ = {isa = PBXFileReference; lastKnownFileType = text.plist.xml; path = Info.plist; sourceTree = "<group>"; };
/* End PBXFileReference section */

/* Begin PBXFrameworksBuildPhase section */
		DD8D57AE1F87F33700497D5A /* Frameworks */ = {
			isa = PBXFrameworksBuildPhase;
			buildActionMask = 2147483647;
			files = (
				BA84084439190B92F2866B4E /* Pods_VolunteerMe.framework in Frameworks */,
			);
			runOnlyForDeploymentPostprocessing = 0;
		};
/* End PBXFrameworksBuildPhase section */

/* Begin PBXGroup section */
		09D1B27B1F8F049100A83339 /* Models */ = {
			isa = PBXGroup;
			children = (
				09D1B27C1F8F049D00A83339 /* User.swift */,
				09B3C2A11F907E030004A3EE /* Tag.swift */,
				093E390E1F9203DB00A797FB /* Event.swift */,
				093E39101F92062200A797FB /* EventAttendee.swift */,
			);
			name = Models;
			sourceTree = "<group>";
		};
		98328CC81F8C785C004A0BEC /* Views */ = {
			isa = PBXGroup;
			children = (
				984234461F903B5700FF05BB /* Filters */,
				9842341A1F8ECAEC00FF05BB /* FeedCell.swift */,
			);
			name = Views;
			sourceTree = "<group>";
		};
		98328CC91F8C7871004A0BEC /* ViewControllers */ = {
			isa = PBXGroup;
			children = (
				984234181F8ECA6600FF05BB /* VolunteerFeedViewController.swift */,
				9842344B1F903CE400FF05BB /* FilterViewController.swift */,
			);
			name = ViewControllers;
			sourceTree = "<group>";
		};
		984234461F903B5700FF05BB /* Filters */ = {
			isa = PBXGroup;
			children = (
				984234471F903B9100FF05BB /* FilterCell.swift */,
				984234481F903B9100FF05BB /* SwitchCell.swift */,
			);
			name = Filters;
			sourceTree = "<group>";
		};
		9CD7EFCBFDA55C573EC4B01E /* Frameworks */ = {
			isa = PBXGroup;
			children = (
				C16B82B4024A6E4EA422ED68 /* Pods_VolunteerMe.framework */,
			);
			name = Frameworks;
			sourceTree = "<group>";
		};
		DD8D57A81F87F33700497D5A = {
			isa = PBXGroup;
			children = (
				DD8D57B31F87F33700497D5A /* VolunteerMe */,
				DD8D57B21F87F33700497D5A /* Products */,
				DFEC9BF0DF72C96995D49BCA /* Pods */,
				9CD7EFCBFDA55C573EC4B01E /* Frameworks */,
			);
			sourceTree = "<group>";
		};
		DD8D57B21F87F33700497D5A /* Products */ = {
			isa = PBXGroup;
			children = (
				DD8D57B11F87F33700497D5A /* VolunteerMe.app */,
			);
			name = Products;
			sourceTree = "<group>";
		};
		DD8D57B31F87F33700497D5A /* VolunteerMe */ = {
			isa = PBXGroup;
			children = (
				09D1B27B1F8F049100A83339 /* Models */,
				98328CC91F8C7871004A0BEC /* ViewControllers */,
				98328CC81F8C785C004A0BEC /* Views */,
				DD8D57B81F87F33700497D5A /* Main.storyboard */,
				DD8D57BB1F87F33700497D5A /* Assets.xcassets */,
				DD8D57BD1F87F33700497D5A /* LaunchScreen.storyboard */,
				DD8D57C01F87F33700497D5A /* Info.plist */,
				093E390C1F92031E00A797FB /* AppDelegate.swift */,
			);
			path = VolunteerMe;
			sourceTree = "<group>";
		};
		DFEC9BF0DF72C96995D49BCA /* Pods */ = {
			isa = PBXGroup;
			children = (
				7AE2E20A6EA74598B004DB2D /* Pods-VolunteerMe.debug.xcconfig */,
				2A45DFAE001ECB1D1A662734 /* Pods-VolunteerMe.release.xcconfig */,
			);
			name = Pods;
			sourceTree = "<group>";
		};
/* End PBXGroup section */

/* Begin PBXNativeTarget section */
		DD8D57B01F87F33700497D5A /* VolunteerMe */ = {
			isa = PBXNativeTarget;
			buildConfigurationList = DD8D57C31F87F33700497D5A /* Build configuration list for PBXNativeTarget "VolunteerMe" */;
			buildPhases = (
				63EEB2102E0C09CC97B1CCF8 /* [CP] Check Pods Manifest.lock */,
				DD8D57AD1F87F33700497D5A /* Sources */,
				DD8D57AE1F87F33700497D5A /* Frameworks */,
				DD8D57AF1F87F33700497D5A /* Resources */,
				6A2974E9DB4E50B975479F54 /* [CP] Embed Pods Frameworks */,
				4AFA20F59E7E8634A95F0F74 /* [CP] Copy Pods Resources */,
			);
			buildRules = (
			);
			dependencies = (
			);
			name = VolunteerMe;
			productName = VolunteerMe;
			productReference = DD8D57B11F87F33700497D5A /* VolunteerMe.app */;
			productType = "com.apple.product-type.application";
		};
/* End PBXNativeTarget section */

/* Begin PBXProject section */
		DD8D57A91F87F33700497D5A /* Project object */ = {
			isa = PBXProject;
			attributes = {
				LastSwiftUpdateCheck = 0830;
				LastUpgradeCheck = 0830;
				ORGANIZATIONNAME = volunteer_me;
				TargetAttributes = {
					DD8D57B01F87F33700497D5A = {
						CreatedOnToolsVersion = 8.3.3;
						DevelopmentTeam = 6VDG77DH63;
						ProvisioningStyle = Automatic;
					};
				};
			};
			buildConfigurationList = DD8D57AC1F87F33700497D5A /* Build configuration list for PBXProject "VolunteerMe" */;
			compatibilityVersion = "Xcode 3.2";
			developmentRegion = English;
			hasScannedForEncodings = 0;
			knownRegions = (
				en,
				Base,
			);
			mainGroup = DD8D57A81F87F33700497D5A;
			productRefGroup = DD8D57B21F87F33700497D5A /* Products */;
			projectDirPath = "";
			projectRoot = "";
			targets = (
				DD8D57B01F87F33700497D5A /* VolunteerMe */,
			);
		};
/* End PBXProject section */

/* Begin PBXResourcesBuildPhase section */
		DD8D57AF1F87F33700497D5A /* Resources */ = {
			isa = PBXResourcesBuildPhase;
			buildActionMask = 2147483647;
			files = (
				DD8D57BF1F87F33700497D5A /* LaunchScreen.storyboard in Resources */,
				DD8D57BC1F87F33700497D5A /* Assets.xcassets in Resources */,
				DD8D57BA1F87F33700497D5A /* Main.storyboard in Resources */,
			);
			runOnlyForDeploymentPostprocessing = 0;
		};
/* End PBXResourcesBuildPhase section */

/* Begin PBXShellScriptBuildPhase section */
		4AFA20F59E7E8634A95F0F74 /* [CP] Copy Pods Resources */ = {
			isa = PBXShellScriptBuildPhase;
			buildActionMask = 2147483647;
			files = (
			);
			inputPaths = (
			);
			name = "[CP] Copy Pods Resources";
			outputPaths = (
			);
			runOnlyForDeploymentPostprocessing = 0;
			shellPath = /bin/sh;
			shellScript = "\"${SRCROOT}/Pods/Target Support Files/Pods-VolunteerMe/Pods-VolunteerMe-resources.sh\"\n";
			showEnvVarsInLog = 0;
		};
		63EEB2102E0C09CC97B1CCF8 /* [CP] Check Pods Manifest.lock */ = {
			isa = PBXShellScriptBuildPhase;
			buildActionMask = 2147483647;
			files = (
			);
			inputPaths = (
				"${PODS_PODFILE_DIR_PATH}/Podfile.lock",
				"${PODS_ROOT}/Manifest.lock",
			);
			name = "[CP] Check Pods Manifest.lock";
			outputPaths = (
				"$(DERIVED_FILE_DIR)/Pods-VolunteerMe-checkManifestLockResult.txt",
			);
			runOnlyForDeploymentPostprocessing = 0;
			shellPath = /bin/sh;
			shellScript = "diff \"${PODS_PODFILE_DIR_PATH}/Podfile.lock\" \"${PODS_ROOT}/Manifest.lock\" > /dev/null\nif [ $? != 0 ] ; then\n    # print error to STDERR\n    echo \"error: The sandbox is not in sync with the Podfile.lock. Run 'pod install' or update your CocoaPods installation.\" >&2\n    exit 1\nfi\n# This output is used by Xcode 'outputs' to avoid re-running this script phase.\necho \"SUCCESS\" > \"${SCRIPT_OUTPUT_FILE_0}\"\n";
			showEnvVarsInLog = 0;
		};
		6A2974E9DB4E50B975479F54 /* [CP] Embed Pods Frameworks */ = {
			isa = PBXShellScriptBuildPhase;
			buildActionMask = 2147483647;
			files = (
			);
			inputPaths = (
				"${SRCROOT}/Pods/Target Support Files/Pods-VolunteerMe/Pods-VolunteerMe-frameworks.sh",
				"${BUILT_PRODUCTS_DIR}/AFNetworking/AFNetworking.framework",
				"${BUILT_PRODUCTS_DIR}/BDBOAuth1Manager/BDBOAuth1Manager.framework",
				"${BUILT_PRODUCTS_DIR}/Bolts-Swift/BoltsSwift.framework",
				"${BUILT_PRODUCTS_DIR}/Bolts/Bolts.framework",
				"${BUILT_PRODUCTS_DIR}/DateToolsSwift/DateToolsSwift.framework",
				"${BUILT_PRODUCTS_DIR}/FLEX/FLEX.framework",
				"${BUILT_PRODUCTS_DIR}/Parse/Parse.framework",
				"${BUILT_PRODUCTS_DIR}/ParseLiveQuery/ParseLiveQuery.framework",
				"${BUILT_PRODUCTS_DIR}/Starscream/Starscream.framework",
				"${BUILT_PRODUCTS_DIR}/UIColor_Hex_Swift/UIColor_Hex_Swift.framework",
			);
			name = "[CP] Embed Pods Frameworks";
			outputPaths = (
				"${TARGET_BUILD_DIR}/${FRAMEWORKS_FOLDER_PATH}/AFNetworking.framework",
				"${TARGET_BUILD_DIR}/${FRAMEWORKS_FOLDER_PATH}/BDBOAuth1Manager.framework",
				"${TARGET_BUILD_DIR}/${FRAMEWORKS_FOLDER_PATH}/BoltsSwift.framework",
				"${TARGET_BUILD_DIR}/${FRAMEWORKS_FOLDER_PATH}/Bolts.framework",
				"${TARGET_BUILD_DIR}/${FRAMEWORKS_FOLDER_PATH}/DateToolsSwift.framework",
				"${TARGET_BUILD_DIR}/${FRAMEWORKS_FOLDER_PATH}/FLEX.framework",
				"${TARGET_BUILD_DIR}/${FRAMEWORKS_FOLDER_PATH}/Parse.framework",
				"${TARGET_BUILD_DIR}/${FRAMEWORKS_FOLDER_PATH}/ParseLiveQuery.framework",
				"${TARGET_BUILD_DIR}/${FRAMEWORKS_FOLDER_PATH}/Starscream.framework",
				"${TARGET_BUILD_DIR}/${FRAMEWORKS_FOLDER_PATH}/UIColor_Hex_Swift.framework",
			);
			runOnlyForDeploymentPostprocessing = 0;
			shellPath = /bin/sh;
			shellScript = "\"${SRCROOT}/Pods/Target Support Files/Pods-VolunteerMe/Pods-VolunteerMe-frameworks.sh\"\n";
			showEnvVarsInLog = 0;
		};
/* End PBXShellScriptBuildPhase section */

/* Begin PBXSourcesBuildPhase section */
		DD8D57AD1F87F33700497D5A /* Sources */ = {
			isa = PBXSourcesBuildPhase;
			buildActionMask = 2147483647;
			files = (
				093E390D1F92031E00A797FB /* AppDelegate.swift in Sources */,
				093E390F1F9203DB00A797FB /* Event.swift in Sources */,
				9842344C1F903CE400FF05BB /* FilterViewController.swift in Sources */,
				9842341B1F8ECAEC00FF05BB /* FeedCell.swift in Sources */,
				093E39111F92062200A797FB /* EventAttendee.swift in Sources */,
				984234191F8ECA6600FF05BB /* VolunteerFeedViewController.swift in Sources */,
				984234491F903B9100FF05BB /* FilterCell.swift in Sources */,
				9842344A1F903B9100FF05BB /* SwitchCell.swift in Sources */,
				09B3C2A21F907E030004A3EE /* Tag.swift in Sources */,
				09D1B27D1F8F049D00A83339 /* User.swift in Sources */,
			);
			runOnlyForDeploymentPostprocessing = 0;
		};
/* End PBXSourcesBuildPhase section */

/* Begin PBXVariantGroup section */
		DD8D57B81F87F33700497D5A /* Main.storyboard */ = {
			isa = PBXVariantGroup;
			children = (
				DD8D57B91F87F33700497D5A /* Base */,
			);
			name = Main.storyboard;
			sourceTree = "<group>";
		};
		DD8D57BD1F87F33700497D5A /* LaunchScreen.storyboard */ = {
			isa = PBXVariantGroup;
			children = (
				DD8D57BE1F87F33700497D5A /* Base */,
			);
			name = LaunchScreen.storyboard;
			sourceTree = "<group>";
		};
/* End PBXVariantGroup section */

/* Begin XCBuildConfiguration section */
		DD8D57C11F87F33700497D5A /* Debug */ = {
			isa = XCBuildConfiguration;
			buildSettings = {
				ALWAYS_SEARCH_USER_PATHS = NO;
				CLANG_ANALYZER_NONNULL = YES;
				CLANG_ANALYZER_NUMBER_OBJECT_CONVERSION = YES_AGGRESSIVE;
				CLANG_CXX_LANGUAGE_STANDARD = "gnu++0x";
				CLANG_CXX_LIBRARY = "libc++";
				CLANG_ENABLE_MODULES = YES;
				CLANG_ENABLE_OBJC_ARC = YES;
				CLANG_WARN_BOOL_CONVERSION = YES;
				CLANG_WARN_CONSTANT_CONVERSION = YES;
				CLANG_WARN_DIRECT_OBJC_ISA_USAGE = YES_ERROR;
				CLANG_WARN_DOCUMENTATION_COMMENTS = YES;
				CLANG_WARN_EMPTY_BODY = YES;
				CLANG_WARN_ENUM_CONVERSION = YES;
				CLANG_WARN_INFINITE_RECURSION = YES;
				CLANG_WARN_INT_CONVERSION = YES;
				CLANG_WARN_OBJC_ROOT_CLASS = YES_ERROR;
				CLANG_WARN_SUSPICIOUS_MOVE = YES;
				CLANG_WARN_UNREACHABLE_CODE = YES;
				CLANG_WARN__DUPLICATE_METHOD_MATCH = YES;
				"CODE_SIGN_IDENTITY[sdk=iphoneos*]" = "iPhone Developer";
				COPY_PHASE_STRIP = NO;
				DEBUG_INFORMATION_FORMAT = dwarf;
				ENABLE_STRICT_OBJC_MSGSEND = YES;
				ENABLE_TESTABILITY = YES;
				GCC_C_LANGUAGE_STANDARD = gnu99;
				GCC_DYNAMIC_NO_PIC = NO;
				GCC_NO_COMMON_BLOCKS = YES;
				GCC_OPTIMIZATION_LEVEL = 0;
				GCC_PREPROCESSOR_DEFINITIONS = (
					"DEBUG=1",
					"$(inherited)",
				);
				GCC_WARN_64_TO_32_BIT_CONVERSION = YES;
				GCC_WARN_ABOUT_RETURN_TYPE = YES_ERROR;
				GCC_WARN_UNDECLARED_SELECTOR = YES;
				GCC_WARN_UNINITIALIZED_AUTOS = YES_AGGRESSIVE;
				GCC_WARN_UNUSED_FUNCTION = YES;
				GCC_WARN_UNUSED_VARIABLE = YES;
				IPHONEOS_DEPLOYMENT_TARGET = 10.3;
				MTL_ENABLE_DEBUG_INFO = YES;
				ONLY_ACTIVE_ARCH = YES;
				SDKROOT = iphoneos;
				SWIFT_ACTIVE_COMPILATION_CONDITIONS = DEBUG;
				SWIFT_OPTIMIZATION_LEVEL = "-Onone";
			};
			name = Debug;
		};
		DD8D57C21F87F33700497D5A /* Release */ = {
			isa = XCBuildConfiguration;
			buildSettings = {
				ALWAYS_SEARCH_USER_PATHS = NO;
				CLANG_ANALYZER_NONNULL = YES;
				CLANG_ANALYZER_NUMBER_OBJECT_CONVERSION = YES_AGGRESSIVE;
				CLANG_CXX_LANGUAGE_STANDARD = "gnu++0x";
				CLANG_CXX_LIBRARY = "libc++";
				CLANG_ENABLE_MODULES = YES;
				CLANG_ENABLE_OBJC_ARC = YES;
				CLANG_WARN_BOOL_CONVERSION = YES;
				CLANG_WARN_CONSTANT_CONVERSION = YES;
				CLANG_WARN_DIRECT_OBJC_ISA_USAGE = YES_ERROR;
				CLANG_WARN_DOCUMENTATION_COMMENTS = YES;
				CLANG_WARN_EMPTY_BODY = YES;
				CLANG_WARN_ENUM_CONVERSION = YES;
				CLANG_WARN_INFINITE_RECURSION = YES;
				CLANG_WARN_INT_CONVERSION = YES;
				CLANG_WARN_OBJC_ROOT_CLASS = YES_ERROR;
				CLANG_WARN_SUSPICIOUS_MOVE = YES;
				CLANG_WARN_UNREACHABLE_CODE = YES;
				CLANG_WARN__DUPLICATE_METHOD_MATCH = YES;
				"CODE_SIGN_IDENTITY[sdk=iphoneos*]" = "iPhone Developer";
				COPY_PHASE_STRIP = NO;
				DEBUG_INFORMATION_FORMAT = "dwarf-with-dsym";
				ENABLE_NS_ASSERTIONS = NO;
				ENABLE_STRICT_OBJC_MSGSEND = YES;
				GCC_C_LANGUAGE_STANDARD = gnu99;
				GCC_NO_COMMON_BLOCKS = YES;
				GCC_WARN_64_TO_32_BIT_CONVERSION = YES;
				GCC_WARN_ABOUT_RETURN_TYPE = YES_ERROR;
				GCC_WARN_UNDECLARED_SELECTOR = YES;
				GCC_WARN_UNINITIALIZED_AUTOS = YES_AGGRESSIVE;
				GCC_WARN_UNUSED_FUNCTION = YES;
				GCC_WARN_UNUSED_VARIABLE = YES;
				IPHONEOS_DEPLOYMENT_TARGET = 10.3;
				MTL_ENABLE_DEBUG_INFO = NO;
				SDKROOT = iphoneos;
				SWIFT_OPTIMIZATION_LEVEL = "-Owholemodule";
				VALIDATE_PRODUCT = YES;
			};
			name = Release;
		};
		DD8D57C41F87F33700497D5A /* Debug */ = {
			isa = XCBuildConfiguration;
			baseConfigurationReference = 7AE2E20A6EA74598B004DB2D /* Pods-VolunteerMe.debug.xcconfig */;
			buildSettings = {
				ASSETCATALOG_COMPILER_APPICON_NAME = AppIcon;
				DEVELOPMENT_TEAM = 6VDG77DH63;
				INFOPLIST_FILE = VolunteerMe/Info.plist;
				IPHONEOS_DEPLOYMENT_TARGET = 9.3;
				LD_RUNPATH_SEARCH_PATHS = "$(inherited) @executable_path/Frameworks";
				PRODUCT_BUNDLE_IDENTIFIER = com.codepath.VolunteerMe;
				PRODUCT_NAME = "$(TARGET_NAME)";
				SWIFT_VERSION = 3.0;
			};
			name = Debug;
		};
		DD8D57C51F87F33700497D5A /* Release */ = {
			isa = XCBuildConfiguration;
			baseConfigurationReference = 2A45DFAE001ECB1D1A662734 /* Pods-VolunteerMe.release.xcconfig */;
			buildSettings = {
				ASSETCATALOG_COMPILER_APPICON_NAME = AppIcon;
				DEVELOPMENT_TEAM = 6VDG77DH63;
				INFOPLIST_FILE = VolunteerMe/Info.plist;
				IPHONEOS_DEPLOYMENT_TARGET = 9.3;
				LD_RUNPATH_SEARCH_PATHS = "$(inherited) @executable_path/Frameworks";
				PRODUCT_BUNDLE_IDENTIFIER = com.codepath.VolunteerMe;
				PRODUCT_NAME = "$(TARGET_NAME)";
				SWIFT_VERSION = 3.0;
			};
			name = Release;
		};
/* End XCBuildConfiguration section */

/* Begin XCConfigurationList section */
		DD8D57AC1F87F33700497D5A /* Build configuration list for PBXProject "VolunteerMe" */ = {
			isa = XCConfigurationList;
			buildConfigurations = (
				DD8D57C11F87F33700497D5A /* Debug */,
				DD8D57C21F87F33700497D5A /* Release */,
			);
			defaultConfigurationIsVisible = 0;
			defaultConfigurationName = Release;
		};
		DD8D57C31F87F33700497D5A /* Build configuration list for PBXNativeTarget "VolunteerMe" */ = {
			isa = XCConfigurationList;
			buildConfigurations = (
				DD8D57C41F87F33700497D5A /* Debug */,
				DD8D57C51F87F33700497D5A /* Release */,
			);
			defaultConfigurationIsVisible = 0;
			defaultConfigurationName = Release;
		};
/* End XCConfigurationList section */
	};
	rootObject = DD8D57A91F87F33700497D5A /* Project object */;
}
